# THIS IS AN AUTOGENERATED FILE. DO NOT EDIT THIS FILE DIRECTLY.
assets/ajax-loader.gif:
  development: 2017-05-07T19:30:06-04:00   deca8b0ecd6974227d157b6d7068995d
assets/hero_slide_1.jpg:
  development: 2017-05-07T19:30:06-04:00   ddb8c824d7ab5a7c246dacd11921a32c
assets/ico-select.svg.liquid:
  development: 2017-05-07T19:30:06-04:00   9c9cc5a57cc74a0a64c2f62b1370a920
assets/icons.eot:
  development: 2017-05-07T19:30:06-04:00   76f814019b39922b14ab74656ca8d15e
assets/icons.json:
  development: 2017-05-07T19:30:06-04:00   5cbebf6efd01f4c123966f760ce3b6c9
assets/icons.svg:
  development: 2017-05-07T19:30:07-04:00   09999bff4312c3eb4700270ce45dbd38
assets/icons.ttf:
  development: 2017-05-07T19:30:07-04:00   6c0e0b957df8539387f42500b9b73aef
assets/icons.woff:
  development: 2017-05-07T19:30:07-04:00   14448b37396efb76ffc17b126151165f
assets/theme.js.liquid:
  development: 2017-05-07T19:30:07-04:00   14ae665eef21dabb0e5beae60c410e5e
assets/theme.scss.liquid:
  development: 2017-06-04T18:20:30-04:00   ee80acc7eb9979ce9087155eea176f66
assets/vendor.js:
  development: 2017-05-07T19:30:07-04:00   10dd238c021863093024f9408ee01928
config/settings_data.json:
  development: 2017-05-27T18:32:33-04:00   3c5f033b1a192b6de12f90fc1587c818
config/settings_schema.json:
  development: 2017-05-08T21:41:33-04:00   c38e8cd0a4c6570d977527c1dabc1096
layout/password.liquid:
  development: 2017-05-07T19:30:07-04:00   5d8c70f1f89db8b8076a99b8244a8e74
layout/theme.liquid:
  development: 2017-05-16T22:12:12-04:00   cb0dced8a7cd9125f73d17ff8bb455b6
locales/de.json:
  development: 2017-05-07T19:30:08-04:00   e33f0239b85f0c9cbec2e2fc72d79e36
locales/en.default.json:
  development: 2017-05-07T19:30:08-04:00   5beec4d7193a387ae050a944279ca031
locales/es.json:
  development: 2017-05-07T19:30:08-04:00   8a699cb0943f9ef862ae05561da0e408
locales/fr.json:
  development: 2017-05-07T19:30:08-04:00   fd3cb06fd3ea5dd162e754cf1c57def1
locales/pt-BR.json:
  development: 2017-05-07T19:30:08-04:00   148a359bd87ee753a9ee097a2dc423bf
locales/pt-PT.json:
  development: 2017-05-07T19:30:08-04:00   0c39726506d435702d0383e0790003f2
sections/action-bar.liquid:
  development: 2017-05-07T19:30:05-04:00   0282a8685043b80ef06dad1096e48914
sections/article-template.liquid:
  development: 2017-05-07T19:30:05-04:00   511732012ebec2ade73269bd79d6f4c9
sections/cart-template.liquid:
  development: 2017-05-07T19:30:05-04:00   a982123027dfa9be9a9e733946b3b34c
sections/collection-template.liquid:
  development: 2017-05-07T19:30:05-04:00   e0511c0a194672376b285975e4fb3e38
sections/custom-html.liquid:
  development: 2017-05-23T23:03:21-04:00   4bf89a13c19e19dac758cf42481dd844
sections/feature-row.liquid:
  development: 2017-08-26T20:22:28-04:00   d460dc8fcd0782276a3409fa60517674
sections/featured-collection.liquid:
  development: 2017-05-17T22:10:26-04:00   39150be95efca466f45a461fdeab0796
sections/featured-video.liquid:
  development: 2017-05-07T19:30:05-04:00   2ad6f58849c99d72deaafbe40a3d5c7c
sections/footer-alt.liquid:
  development: 2017-06-04T18:43:32-04:00   0d374311056e30b7cac8799acd08d373
sections/footer.liquid:
  development: 2017-05-07T19:30:05-04:00   ffb8560711fbe3595f0f9aac824f338f
sections/header.liquid:
  development: 2017-06-04T18:30:04-04:00   6d74320be7c4f9363dcd983c9b03b655
sections/newsletter-signup.liquid:
  development: 2017-05-07T19:30:05-04:00   361d124cede27de1cc43ad597ef36223
sections/password-content.liquid:
  development: 2017-05-07T19:30:06-04:00   b444edcaaf0bfa243a70bf79511f9837
sections/password-header.liquid:
  development: 2017-05-07T19:30:06-04:00   3aa5195a2cb937b38796c0ca2ae41324
sections/product-template-2.liquid:
  development: 2017-06-03T19:05:41-04:00   fad87151cea136a55144839edee19a16
sections/product-template-alt.liquid:
  development: 2017-05-16T22:01:35-04:00   5cea6bd3a02add34828d8968d0c232c1
sections/product-template.liquid:
  development: 2017-05-12T19:27:28-04:00   08dbda2c87edd206b8cfdf0a672d6a11
sections/rich-text.liquid:
  development: 2017-05-07T19:30:06-04:00   6b98d6acf47978862f4d83059aa194e3
sections/search-template.liquid:
  development: 2017-05-07T19:30:06-04:00   6594792b1437b735ab8d46c7a5646d9d
sections/sidebar-menu.liquid:
  development: 2017-05-07T19:30:06-04:00   cca6c13c0030c994a4013478980176c4
sections/slideshow.liquid:
  development: 2017-05-25T22:49:28-04:00   bd6d7160029cc4bdd7fcbdae9079cec5
snippets/action-bar.liquid:
  development: 2017-05-07T19:30:07-04:00   e06ebbfcd99e8293fbf548e081358636
snippets/comment.liquid:
  development: 2017-05-07T19:30:07-04:00   8778ed2c4c873c73ddfcffcef6c62843
snippets/featured-products.liquid:
  development: 2017-05-07T19:30:07-04:00   4cf2d329c625270f8a5e9c95f9094274
snippets/home-content.liquid:
  development: 2017-05-07T19:30:07-04:00   145004f0781294fbe5eb3fe834c9b6fa
snippets/pagination.liquid:
  development: 2017-05-07T19:30:07-04:00   e8afd037bbb7f6fc2f27408a48243570
snippets/product-grid-item.liquid:
  development: 2017-05-07T19:30:07-04:00   50fbfd272b9199b6b193b0b49deffc34
snippets/product-grid-width.liquid:
  development: 2017-05-07T19:30:07-04:00   6d5a51b87fb763cbe400b91a3ab41727
snippets/respond.liquid:
  development: 2017-05-07T19:30:07-04:00   ca6abf0635dc2ad8c6bd377f83c79f6b
snippets/social-meta-tags.liquid:
  development: 2017-05-07T19:30:07-04:00   f05dd40d0c0727114bac56e49fb60cc5
snippets/social-sharing.liquid:
  development: 2017-05-07T19:30:07-04:00   087640288768644db37716100b99d963
snippets/svg-definitions.liquid:
  development: 2017-05-07T19:30:07-04:00   fe4fbc64d534e355fd8653de4ebac79a
templates/404.liquid:
  development: 2017-05-07T19:30:07-04:00   3174081e07543efa2348c842248bb6d2
templates/article.liquid:
  development: 2017-05-07T19:30:07-04:00   08563437ca9c95766c220339923d2899
templates/blog.liquid:
  development: 2017-05-07T19:30:07-04:00   b977ac5aa7b1d1551ecc7ecec48ac147
templates/cart.liquid:
  development: 2017-05-07T19:30:07-04:00   c8fef44a3db43c4dbce3a32e0f40479c
templates/collection.liquid:
  development: 2017-05-07T19:30:07-04:00   f1cfa9fa0a88084d19c50ea943759817
templates/customers/account.liquid:
  development: 2017-05-07T19:30:08-04:00   d883804487e7c2e47d76b92271601c8a
templates/customers/activate_account.liquid:
  development: 2017-05-07T19:30:08-04:00   b9e036ff5217f909c6e6af0c42b87e9d
templates/customers/addresses.liquid:
  development: 2017-05-07T19:30:08-04:00   87e1f5559cebe11b5f521cb123972cdc
templates/customers/login.liquid:
  development: 2017-05-07T19:30:08-04:00   c5f6c61806808d997261d2ba14acba17
templates/customers/order.liquid:
  development: 2017-05-07T19:30:08-04:00   f0d870f28bf3281f696bf38495f5c39d
templates/customers/register.liquid:
  development: 2017-05-07T19:30:08-04:00   69d3668d2f3b18df2f0e3a39d1687036
templates/customers/reset_password.liquid:
  development: 2017-05-07T19:30:08-04:00   1b4e892fd7fbdc370faaf9e8a53b12c3
templates/gift_card.liquid:
  development: 2017-05-07T19:30:07-04:00   536614c81e238ddd0fc5b9e9a69f2fdd
templates/index.liquid:
  development: 2017-08-21T22:29:22-04:00   10133b875eb6ae3e73720d9e90679d53
templates/list-collections.liquid:
  development: 2017-05-07T19:30:08-04:00   b19b71e12e3e5f5abd02dc61efb8a47e
templates/page.contact.liquid:
  development: 2017-08-01T22:00:17-04:00   ebccf47bffd3ea1a9737e8b6ad7f0d99
templates/page.gallery.liquid:
  development: 2017-06-04T17:46:00-04:00   20cb8ff5641e5aed83196c2afb31de4f
templates/page.liquid:
  development: 2017-08-01T22:08:50-04:00   5f3050ea2fc0c77a25f36a7db332ccde
templates/password.liquid:
  development: 2017-05-07T19:30:08-04:00   5a4a0ce64e610f88e7efc1324781ae69
templates/product.liquid:
  development: 2017-05-30T21:22:32-04:00   7467aefb9e6469471b17d6483f3a455a
templates/search.liquid:
  development: 2017-05-07T19:30:08-04:00   4ec0ea6ce3b6b98bd3dd3ac56626f0b6
